
Microsoft Visual Studio Solution File, Format Version 12.00
# Visual Studio Version 17
VisualStudioVersion = 17.2.32630.192
MinimumVisualStudioVersion = 10.0.40219.1
Project("{FAE04EC0-301F-11D3-BF4B-00C04F79EFBC}") = "RestaurantAPI", "RestaurantAPI.csproj", "{ACF1341E-BBFF-4EE0-98C8-E4ABD01F5C02}"
EndProject
Global
	GlobalSection(SolutionConfigurationPlatforms) = preSolution
		Debug|Any CPU = Debug|Any CPU
		Release|Any CPU = Release|Any CPU
	EndGlobalSection
	GlobalSection(ProjectConfigurationPlatforms) = postSolution
		{ACF1341E-BBFF-4EE0-98C8-E4ABD01F5C02}.Debug|Any CPU.ActiveCfg = Debug|Any CPU
		{ACF1341E-BBFF-4EE0-98C8-E4ABD01F5C02}.Debug|Any CPU.Build.0 = Debug|Any CPU
		{ACF1341E-BBFF-4EE0-98C8-E4ABD01F5C02}.Release|Any CPU.ActiveCfg = Release|Any CPU
		{ACF1341E-BBFF-4EE0-98C8-E4ABD01F5C02}.Release|Any CPU.Build.0 = Release|Any CPU
	EndGlobalSection
	GlobalSection(SolutionProperties) = preSolution
		HideSolutionNode = FALSE
	EndGlobalSection
	GlobalSection(ExtensibilityGlobals) = postSolution
		SolutionGuid = {3D4D2C6E-3638-449C-8C72-8AEAFFAC715A}
	EndGlobalSection
EndGlobal
